
Microsoft Visual Studio Solution File, Format Version 12.00
# Visual Studio Version 16
VisualStudioVersion = 16.0.32413.511
MinimumVisualStudioVersion = 10.0.40219.1
Project("{FAE04EC0-301F-11D3-BF4B-00C04F79EFBC}") = "WpfApp", "WpfApp\WpfApp.csproj", "{257A464C-41F9-4B45-8F0C-4E0472BA0B81}"
EndProject
Global
	GlobalSection(SolutionConfigurationPlatforms) = preSolution
		Debug|Any CPU = Debug|Any CPU
		Release|Any CPU = Release|Any CPU
	EndGlobalSection
	GlobalSection(ProjectConfigurationPlatforms) = postSolution
		{257A464C-41F9-4B45-8F0C-4E0472BA0B81}.Debug|Any CPU.ActiveCfg = Debug|Any CPU
		{257A464C-41F9-4B45-8F0C-4E0472BA0B81}.Debug|Any CPU.Build.0 = Debug|Any CPU
		{257A464C-41F9-4B45-8F0C-4E0472BA0B81}.Release|Any CPU.ActiveCfg = Release|Any CPU
		{257A464C-41F9-4B45-8F0C-4E0472BA0B81}.Release|Any CPU.Build.0 = Release|Any CPU
	EndGlobalSection
	GlobalSection(SolutionProperties) = preSolution
		HideSolutionNode = FALSE
	EndGlobalSection
	GlobalSection(ExtensibilityGlobals) = postSolution
		SolutionGuid = {3364D75C-9A62-4BAA-905C-71568CD37BFC}
	EndGlobalSection
EndGlobal
